PODS:
  - Flutter (1.0.0)
  - plugin_sensie (0.0.1):
    - Flutter

DEPENDENCIES:
  - Flutter (from `Flutter`)
  - plugin_sensie (from `.symlinks/plugins/plugin_sensie/ios`)

EXTERNAL SOURCES:
  Flutter:
    :path: Flutter
  plugin_sensie:
    :path: ".symlinks/plugins/plugin_sensie/ios"

SPEC CHECKSUMS:
  Flutter: f04841e97a9d0b0a8025694d0796dd46242b2854
  plugin_sensie: 9a5d9ec2f3b361b8623c7c67f380cb869f57d21c

PODFILE CHECKSUM: 663715e941f9adb426e33bf9376914006f9ea95b

COCOAPODS: 1.11.3
